// !$*UTF8*$!
{
	archiveVersion = 1;
	classes = {
	};
	objectVersion = 52;
	objects = {

/* Begin PBXBuildFile section */
		D4833F41260A8E6F007C02E1 /* ViewInspector in Frameworks */ = {isa = PBXBuildFile; productRef = D4833F40260A8E6F007C02E1 /* ViewInspector */; };
		D4833F49260A8F08007C02E1 /* SavingsCardViewTests.swift in Sources */ = {isa = PBXBuildFile; fileRef = D4833F48260A8F08007C02E1 /* SavingsCardViewTests.swift */; };
		D4BB662A260BE88E00CD5EEF /* SavingsCardViewModelTests.swift in Sources */ = {isa = PBXBuildFile; fileRef = D4BB6629260BE88E00CD5EEF /* SavingsCardViewModelTests.swift */; };
		D4CACB262603CC9900844F5F /* PersonalFinanceApp.swift in Sources */ = {isa = PBXBuildFile; fileRef = D4CACB252603CC9900844F5F /* PersonalFinanceApp.swift */; };
		D4CACB2A2603CC9C00844F5F /* Assets.xcassets in Resources */ = {isa = PBXBuildFile; fileRef = D4CACB292603CC9C00844F5F /* Assets.xcassets */; };
		D4CACB2D2603CC9C00844F5F /* Preview Assets.xcassets in Resources */ = {isa = PBXBuildFile; fileRef = D4CACB2C2603CC9C00844F5F /* Preview Assets.xcassets */; };
		D4CACB382603CC9C00844F5F /* PersonalFinanceTests.swift in Sources */ = {isa = PBXBuildFile; fileRef = D4CACB372603CC9C00844F5F /* PersonalFinanceTests.swift */; };
		D4CACB432603CC9C00844F5F /* PersonalFinanceUITests.swift in Sources */ = {isa = PBXBuildFile; fileRef = D4CACB422603CC9C00844F5F /* PersonalFinanceUITests.swift */; };
		D4CACB542603CCB500844F5F /* .gitignore in Resources */ = {isa = PBXBuildFile; fileRef = D4CACB532603CCB500844F5F /* .gitignore */; };
		D4CACB5D2603FC0400844F5F /* PFPrimaryButton.swift in Sources */ = {isa = PBXBuildFile; fileRef = D4CACB5C2603FC0400844F5F /* PFPrimaryButton.swift */; };
		D4CACB642603FDD100844F5F /* AppColours.swift in Sources */ = {isa = PBXBuildFile; fileRef = D4CACB632603FDD100844F5F /* AppColours.swift */; };
		D4CACB6A2603FE2400844F5F /* AppColours.xcassets in Resources */ = {isa = PBXBuildFile; fileRef = D4CACB692603FE2400844F5F /* AppColours.xcassets */; };
		D4CACB722603FF2200844F5F /* PFBodyTextView.swift in Sources */ = {isa = PBXBuildFile; fileRef = D4CACB712603FF2200844F5F /* PFBodyTextView.swift */; };
		D4CACB772603FF6600844F5F /* Fonts.swift in Sources */ = {isa = PBXBuildFile; fileRef = D4CACB762603FF6600844F5F /* Fonts.swift */; };
		D4CD30A6260BFF77003A1DF5 /* Accounts.swift in Sources */ = {isa = PBXBuildFile; fileRef = D4CD30A5260BFF77003A1DF5 /* Accounts.swift */; };
		D4CE214C260B361100B02C00 /* ViewInspector in Frameworks */ = {isa = PBXBuildFile; productRef = D4CE214B260B361100B02C00 /* ViewInspector */; };
		D4DF28BB260548A300840AD2 /* ExistingSavingsViewModel.swift in Sources */ = {isa = PBXBuildFile; fileRef = D4DF28BA260548A300840AD2 /* ExistingSavingsViewModel.swift */; };
		D4DF28C0260548B000840AD2 /* ExistingSavingsView.swift in Sources */ = {isa = PBXBuildFile; fileRef = D4DF28BF260548B000840AD2 /* ExistingSavingsView.swift */; };
		D4DF28C7260549BF00840AD2 /* Account.swift in Sources */ = {isa = PBXBuildFile; fileRef = D4DF28C6260549BF00840AD2 /* Account.swift */; };
		D4DF28CD26054A0B00840AD2 /* Currency.swift in Sources */ = {isa = PBXBuildFile; fileRef = D4DF28CC26054A0B00840AD2 /* Currency.swift */; };
		D4DF28D326054C8500840AD2 /* SavingsCardViewModel.swift in Sources */ = {isa = PBXBuildFile; fileRef = D4DF28D226054C8500840AD2 /* SavingsCardViewModel.swift */; };
		D4DF28D826054CD800840AD2 /* SavingsCardView.swift in Sources */ = {isa = PBXBuildFile; fileRef = D4DF28D726054CD800840AD2 /* SavingsCardView.swift */; };
		D4DF28DE26054F6500840AD2 /* Double-Round.swift in Sources */ = {isa = PBXBuildFile; fileRef = D4DF28DD26054F6500840AD2 /* Double-Round.swift */; };
		D4DF28E62605536700840AD2 /* PFSubTitleTextView.swift in Sources */ = {isa = PBXBuildFile; fileRef = D4DF28E52605536700840AD2 /* PFSubTitleTextView.swift */; };
		D4DF28EB26060DE900840AD2 /* PFActionButton.swift in Sources */ = {isa = PBXBuildFile; fileRef = D4DF28EA26060DE800840AD2 /* PFActionButton.swift */; };
		D4FF42CF26148FDB00F587EC /* EditSavingsAccountView.swift in Sources */ = {isa = PBXBuildFile; fileRef = D4FF42CE26148FDB00F587EC /* EditSavingsAccountView.swift */; };
		D4FF42D42614907E00F587EC /* EditSavingsAccountViewModel.swift in Sources */ = {isa = PBXBuildFile; fileRef = D4FF42D32614907E00F587EC /* EditSavingsAccountViewModel.swift */; };
/* End PBXBuildFile section */

/* Begin PBXContainerItemProxy section */
		D4CACB342603CC9C00844F5F /* PBXContainerItemProxy */ = {
			isa = PBXContainerItemProxy;
			containerPortal = D4CACB1A2603CC9900844F5F /* Project object */;
			proxyType = 1;
			remoteGlobalIDString = D4CACB212603CC9900844F5F;
			remoteInfo = PersonalFinance;
		};
		D4CACB3F2603CC9C00844F5F /* PBXContainerItemProxy */ = {
			isa = PBXContainerItemProxy;
			containerPortal = D4CACB1A2603CC9900844F5F /* Project object */;
			proxyType = 1;
			remoteGlobalIDString = D4CACB212603CC9900844F5F;
			remoteInfo = PersonalFinance;
		};
/* End PBXContainerItemProxy section */

/* Begin PBXFileReference section */
		D4833F48260A8F08007C02E1 /* SavingsCardViewTests.swift */ = {isa = PBXFileReference; lastKnownFileType = sourcecode.swift; path = SavingsCardViewTests.swift; sourceTree = "<group>"; };
		D4BB6629260BE88E00CD5EEF /* SavingsCardViewModelTests.swift */ = {isa = PBXFileReference; lastKnownFileType = sourcecode.swift; path = SavingsCardViewModelTests.swift; sourceTree = "<group>"; };
		D4CACB222603CC9900844F5F /* PersonalFinance.app */ = {isa = PBXFileReference; explicitFileType = wrapper.application; includeInIndex = 0; path = PersonalFinance.app; sourceTree = BUILT_PRODUCTS_DIR; };
		D4CACB252603CC9900844F5F /* PersonalFinanceApp.swift */ = {isa = PBXFileReference; lastKnownFileType = sourcecode.swift; path = PersonalFinanceApp.swift; sourceTree = "<group>"; };
		D4CACB292603CC9C00844F5F /* Assets.xcassets */ = {isa = PBXFileReference; lastKnownFileType = folder.assetcatalog; path = Assets.xcassets; sourceTree = "<group>"; };
		D4CACB2C2603CC9C00844F5F /* Preview Assets.xcassets */ = {isa = PBXFileReference; lastKnownFileType = folder.assetcatalog; path = "Preview Assets.xcassets"; sourceTree = "<group>"; };
		D4CACB2E2603CC9C00844F5F /* Info.plist */ = {isa = PBXFileReference; lastKnownFileType = text.plist.xml; path = Info.plist; sourceTree = "<group>"; };
		D4CACB332603CC9C00844F5F /* PersonalFinanceTests.xctest */ = {isa = PBXFileReference; explicitFileType = wrapper.cfbundle; includeInIndex = 0; path = PersonalFinanceTests.xctest; sourceTree = BUILT_PRODUCTS_DIR; };
		D4CACB372603CC9C00844F5F /* PersonalFinanceTests.swift */ = {isa = PBXFileReference; lastKnownFileType = sourcecode.swift; path = PersonalFinanceTests.swift; sourceTree = "<group>"; };
		D4CACB392603CC9C00844F5F /* Info.plist */ = {isa = PBXFileReference; lastKnownFileType = text.plist.xml; path = Info.plist; sourceTree = "<group>"; };
		D4CACB3E2603CC9C00844F5F /* PersonalFinanceUITests.xctest */ = {isa = PBXFileReference; explicitFileType = wrapper.cfbundle; includeInIndex = 0; path = PersonalFinanceUITests.xctest; sourceTree = BUILT_PRODUCTS_DIR; };
		D4CACB422603CC9C00844F5F /* PersonalFinanceUITests.swift */ = {isa = PBXFileReference; lastKnownFileType = sourcecode.swift; path = PersonalFinanceUITests.swift; sourceTree = "<group>"; };
		D4CACB442603CC9C00844F5F /* Info.plist */ = {isa = PBXFileReference; lastKnownFileType = text.plist.xml; path = Info.plist; sourceTree = "<group>"; };
		D4CACB532603CCB500844F5F /* .gitignore */ = {isa = PBXFileReference; fileEncoding = 4; lastKnownFileType = text; path = .gitignore; sourceTree = "<group>"; };
		D4CACB5C2603FC0400844F5F /* PFPrimaryButton.swift */ = {isa = PBXFileReference; lastKnownFileType = sourcecode.swift; path = PFPrimaryButton.swift; sourceTree = "<group>"; };
		D4CACB632603FDD100844F5F /* AppColours.swift */ = {isa = PBXFileReference; lastKnownFileType = sourcecode.swift; path = AppColours.swift; sourceTree = "<group>"; };
		D4CACB692603FE2400844F5F /* AppColours.xcassets */ = {isa = PBXFileReference; lastKnownFileType = folder.assetcatalog; path = AppColours.xcassets; sourceTree = "<group>"; };
		D4CACB712603FF2200844F5F /* PFBodyTextView.swift */ = {isa = PBXFileReference; lastKnownFileType = sourcecode.swift; path = PFBodyTextView.swift; sourceTree = "<group>"; };
		D4CACB762603FF6600844F5F /* Fonts.swift */ = {isa = PBXFileReference; lastKnownFileType = sourcecode.swift; path = Fonts.swift; sourceTree = "<group>"; };
		D4CD30A5260BFF77003A1DF5 /* Accounts.swift */ = {isa = PBXFileReference; lastKnownFileType = sourcecode.swift; path = Accounts.swift; sourceTree = "<group>"; };
		D4DF28BA260548A300840AD2 /* ExistingSavingsViewModel.swift */ = {isa = PBXFileReference; lastKnownFileType = sourcecode.swift; path = ExistingSavingsViewModel.swift; sourceTree = "<group>"; };
		D4DF28BF260548B000840AD2 /* ExistingSavingsView.swift */ = {isa = PBXFileReference; lastKnownFileType = sourcecode.swift; path = ExistingSavingsView.swift; sourceTree = "<group>"; };
		D4DF28C6260549BF00840AD2 /* Account.swift */ = {isa = PBXFileReference; lastKnownFileType = sourcecode.swift; path = Account.swift; sourceTree = "<group>"; };
		D4DF28CC26054A0B00840AD2 /* Currency.swift */ = {isa = PBXFileReference; lastKnownFileType = sourcecode.swift; path = Currency.swift; sourceTree = "<group>"; };
		D4DF28D226054C8500840AD2 /* SavingsCardViewModel.swift */ = {isa = PBXFileReference; lastKnownFileType = sourcecode.swift; path = SavingsCardViewModel.swift; sourceTree = "<group>"; };
		D4DF28D726054CD800840AD2 /* SavingsCardView.swift */ = {isa = PBXFileReference; lastKnownFileType = sourcecode.swift; path = SavingsCardView.swift; sourceTree = "<group>"; };
		D4DF28DD26054F6500840AD2 /* Double-Round.swift */ = {isa = PBXFileReference; lastKnownFileType = sourcecode.swift; path = "Double-Round.swift"; sourceTree = "<group>"; };
		D4DF28E52605536700840AD2 /* PFSubTitleTextView.swift */ = {isa = PBXFileReference; lastKnownFileType = sourcecode.swift; path = PFSubTitleTextView.swift; sourceTree = "<group>"; };
		D4DF28EA26060DE800840AD2 /* PFActionButton.swift */ = {isa = PBXFileReference; lastKnownFileType = sourcecode.swift; path = PFActionButton.swift; sourceTree = "<group>"; };
		D4FF42CE26148FDB00F587EC /* EditSavingsAccountView.swift */ = {isa = PBXFileReference; lastKnownFileType = sourcecode.swift; path = EditSavingsAccountView.swift; sourceTree = "<group>"; };
		D4FF42D32614907E00F587EC /* EditSavingsAccountViewModel.swift */ = {isa = PBXFileReference; lastKnownFileType = sourcecode.swift; path = EditSavingsAccountViewModel.swift; sourceTree = "<group>"; };
/* End PBXFileReference section */

/* Begin PBXFrameworksBuildPhase section */
		D4CACB1F2603CC9900844F5F /* Frameworks */ = {
			isa = PBXFrameworksBuildPhase;
			buildActionMask = 2147483647;
			files = (
			);
			runOnlyForDeploymentPostprocessing = 0;
		};
		D4CACB302603CC9C00844F5F /* Frameworks */ = {
			isa = PBXFrameworksBuildPhase;
			buildActionMask = 2147483647;
			files = (
				D4CE214C260B361100B02C00 /* ViewInspector in Frameworks */,
			);
			runOnlyForDeploymentPostprocessing = 0;
		};
		D4CACB3B2603CC9C00844F5F /* Frameworks */ = {
			isa = PBXFrameworksBuildPhase;
			buildActionMask = 2147483647;
			files = (
				D4833F41260A8E6F007C02E1 /* ViewInspector in Frameworks */,
			);
			runOnlyForDeploymentPostprocessing = 0;
		};
/* End PBXFrameworksBuildPhase section */

/* Begin PBXGroup section */
		D4833F45260A8EDE007C02E1 /* Views */ = {
			isa = PBXGroup;
			children = (
				D4833F46260A8EE4007C02E1 /* ExistingSavings */,
			);
			path = Views;
			sourceTree = "<group>";
		};
		D4833F46260A8EE4007C02E1 /* ExistingSavings */ = {
			isa = PBXGroup;
			children = (
				D4833F47260A8EEF007C02E1 /* SavingsCard */,
			);
			path = ExistingSavings;
			sourceTree = "<group>";
		};
		D4833F47260A8EEF007C02E1 /* SavingsCard */ = {
			isa = PBXGroup;
			children = (
				D4833F48260A8F08007C02E1 /* SavingsCardViewTests.swift */,
			);
			path = SavingsCard;
			sourceTree = "<group>";
		};
		D4BB6626260BE86C00CD5EEF /* Views */ = {
			isa = PBXGroup;
			children = (
				D4BB6627260BE87400CD5EEF /* ExistingSavings */,
			);
			path = Views;
			sourceTree = "<group>";
		};
		D4BB6627260BE87400CD5EEF /* ExistingSavings */ = {
			isa = PBXGroup;
			children = (
				D4BB6628260BE87B00CD5EEF /* SavingsCard */,
			);
			path = ExistingSavings;
			sourceTree = "<group>";
		};
		D4BB6628260BE87B00CD5EEF /* SavingsCard */ = {
			isa = PBXGroup;
			children = (
				D4BB6629260BE88E00CD5EEF /* SavingsCardViewModelTests.swift */,
			);
			path = SavingsCard;
			sourceTree = "<group>";
		};
		D4CACB192603CC9900844F5F = {
			isa = PBXGroup;
			children = (
				D4CACB532603CCB500844F5F /* .gitignore */,
				D4CACB242603CC9900844F5F /* PersonalFinance */,
				D4CACB362603CC9C00844F5F /* PersonalFinanceTests */,
				D4CACB412603CC9C00844F5F /* PersonalFinanceUITests */,
				D4CACB232603CC9900844F5F /* Products */,
				D4CE214A260B361100B02C00 /* Frameworks */,
			);
			sourceTree = "<group>";
		};
		D4CACB232603CC9900844F5F /* Products */ = {
			isa = PBXGroup;
			children = (
				D4CACB222603CC9900844F5F /* PersonalFinance.app */,
				D4CACB332603CC9C00844F5F /* PersonalFinanceTests.xctest */,
				D4CACB3E2603CC9C00844F5F /* PersonalFinanceUITests.xctest */,
			);
			name = Products;
			sourceTree = "<group>";
		};
		D4CACB242603CC9900844F5F /* PersonalFinance */ = {
			isa = PBXGroup;
			children = (
				D4DF28C4260549AC00840AD2 /* Models */,
				D4DF28B82605486D00840AD2 /* Views */,
				D4CACB702603FEDC00844F5F /* Services */,
				D4CACB682603FE1100844F5F /* Content */,
				D4CACB612603FDB400844F5F /* Extension */,
				D4CACB582603FB9500844F5F /* Reusables */,
				D4CACB252603CC9900844F5F /* PersonalFinanceApp.swift */,
				D4CACB2E2603CC9C00844F5F /* Info.plist */,
				D4CACB2B2603CC9C00844F5F /* Preview Content */,
			);
			path = PersonalFinance;
			sourceTree = "<group>";
		};
		D4CACB2B2603CC9C00844F5F /* Preview Content */ = {
			isa = PBXGroup;
			children = (
				D4CACB2C2603CC9C00844F5F /* Preview Assets.xcassets */,
			);
			path = "Preview Content";
			sourceTree = "<group>";
		};
		D4CACB362603CC9C00844F5F /* PersonalFinanceTests */ = {
			isa = PBXGroup;
			children = (
				D4BB6626260BE86C00CD5EEF /* Views */,
				D4CACB372603CC9C00844F5F /* PersonalFinanceTests.swift */,
				D4CACB392603CC9C00844F5F /* Info.plist */,
			);
			path = PersonalFinanceTests;
			sourceTree = "<group>";
		};
		D4CACB412603CC9C00844F5F /* PersonalFinanceUITests */ = {
			isa = PBXGroup;
			children = (
				D4833F45260A8EDE007C02E1 /* Views */,
				D4CACB422603CC9C00844F5F /* PersonalFinanceUITests.swift */,
				D4CACB442603CC9C00844F5F /* Info.plist */,
			);
			path = PersonalFinanceUITests;
			sourceTree = "<group>";
		};
		D4CACB582603FB9500844F5F /* Reusables */ = {
			isa = PBXGroup;
			children = (
				D4CACB592603FBA000844F5F /* Views */,
			);
			path = Reusables;
			sourceTree = "<group>";
		};
		D4CACB592603FBA000844F5F /* Views */ = {
			isa = PBXGroup;
			children = (
				D4CACB5A2603FBA600844F5F /* Buttons */,
				D4CACB5B2603FBAE00844F5F /* TextViews */,
			);
			path = Views;
			sourceTree = "<group>";
		};
		D4CACB5A2603FBA600844F5F /* Buttons */ = {
			isa = PBXGroup;
			children = (
				D4CACB5C2603FC0400844F5F /* PFPrimaryButton.swift */,
				D4DF28EA26060DE800840AD2 /* PFActionButton.swift */,
			);
			path = Buttons;
			sourceTree = "<group>";
		};
		D4CACB5B2603FBAE00844F5F /* TextViews */ = {
			isa = PBXGroup;
			children = (
				D4CACB712603FF2200844F5F /* PFBodyTextView.swift */,
				D4DF28E52605536700840AD2 /* PFSubTitleTextView.swift */,
			);
			path = TextViews;
			sourceTree = "<group>";
		};
		D4CACB612603FDB400844F5F /* Extension */ = {
			isa = PBXGroup;
			children = (
				D4DF28DC26054F5100840AD2 /* Double */,
				D4CACB622603FDBE00844F5F /* Color */,
			);
			path = Extension;
			sourceTree = "<group>";
		};
		D4CACB622603FDBE00844F5F /* Color */ = {
			isa = PBXGroup;
			children = (
				D4CACB632603FDD100844F5F /* AppColours.swift */,
			);
			path = Color;
			sourceTree = "<group>";
		};
		D4CACB682603FE1100844F5F /* Content */ = {
			isa = PBXGroup;
			children = (
				D4DF28EF26060E8E00840AD2 /* Images */,
				D4CACB6E2603FEA800844F5F /* Colours */,
				D4CACB6F2603FEB100844F5F /* Fonts */,
			);
			path = Content;
			sourceTree = "<group>";
		};
		D4CACB6E2603FEA800844F5F /* Colours */ = {
			isa = PBXGroup;
			children = (
				D4CACB692603FE2400844F5F /* AppColours.xcassets */,
			);
			path = Colours;
			sourceTree = "<group>";
		};
		D4CACB6F2603FEB100844F5F /* Fonts */ = {
			isa = PBXGroup;
			children = (
				D4CACB762603FF6600844F5F /* Fonts.swift */,
			);
			path = Fonts;
			sourceTree = "<group>";
		};
		D4CACB702603FEDC00844F5F /* Services */ = {
			isa = PBXGroup;
			children = (
			);
			path = Services;
			sourceTree = "<group>";
		};
		D4CE214A260B361100B02C00 /* Frameworks */ = {
			isa = PBXGroup;
			children = (
			);
			name = Frameworks;
			sourceTree = "<group>";
		};
		D4DF28B82605486D00840AD2 /* Views */ = {
			isa = PBXGroup;
			children = (
				D4DF28B92605488000840AD2 /* ExistingSavings */,
			);
			path = Views;
			sourceTree = "<group>";
		};
		D4DF28B92605488000840AD2 /* ExistingSavings */ = {
			isa = PBXGroup;
			children = (
				D4DF28D126054C6A00840AD2 /* SavingsCard */,
				D4DF28BA260548A300840AD2 /* ExistingSavingsViewModel.swift */,
				D4DF28BF260548B000840AD2 /* ExistingSavingsView.swift */,
			);
			path = ExistingSavings;
			sourceTree = "<group>";
		};
		D4DF28C4260549AC00840AD2 /* Models */ = {
			isa = PBXGroup;
			children = (
				D4DF28CB260549FA00840AD2 /* Currency */,
				D4DF28C5260549B500840AD2 /* Account */,
			);
			path = Models;
			sourceTree = "<group>";
		};
		D4DF28C5260549B500840AD2 /* Account */ = {
			isa = PBXGroup;
			children = (
				D4DF28C6260549BF00840AD2 /* Account.swift */,
				D4CD30A5260BFF77003A1DF5 /* Accounts.swift */,
			);
			path = Account;
			sourceTree = "<group>";
		};
		D4DF28CB260549FA00840AD2 /* Currency */ = {
			isa = PBXGroup;
			children = (
				D4DF28CC26054A0B00840AD2 /* Currency.swift */,
			);
			path = Currency;
			sourceTree = "<group>";
		};
		D4DF28D126054C6A00840AD2 /* SavingsCard */ = {
			isa = PBXGroup;
			children = (
				D4FF42CD26148FB800F587EC /* Edit */,
				D4DF28D226054C8500840AD2 /* SavingsCardViewModel.swift */,
				D4DF28D726054CD800840AD2 /* SavingsCardView.swift */,
			);
			path = SavingsCard;
			sourceTree = "<group>";
		};
		D4DF28DC26054F5100840AD2 /* Double */ = {
			isa = PBXGroup;
			children = (
				D4DF28DD26054F6500840AD2 /* Double-Round.swift */,
			);
			path = Double;
			sourceTree = "<group>";
		};
		D4DF28EF26060E8E00840AD2 /* Images */ = {
			isa = PBXGroup;
			children = (
				D4CACB292603CC9C00844F5F /* Assets.xcassets */,
			);
			path = Images;
			sourceTree = "<group>";
		};
		D4FF42CD26148FB800F587EC /* Edit */ = {
			isa = PBXGroup;
			children = (
				D4FF42CE26148FDB00F587EC /* EditSavingsAccountView.swift */,
				D4FF42D32614907E00F587EC /* EditSavingsAccountViewModel.swift */,
			);
			path = Edit;
			sourceTree = "<group>";
		};
/* End PBXGroup section */

/* Begin PBXNativeTarget section */
		D4CACB212603CC9900844F5F /* PersonalFinance */ = {
			isa = PBXNativeTarget;
			buildConfigurationList = D4CACB472603CC9C00844F5F /* Build configuration list for PBXNativeTarget "PersonalFinance" */;
			buildPhases = (
				D4CACB1E2603CC9900844F5F /* Sources */,
				D4CACB1F2603CC9900844F5F /* Frameworks */,
				D4CACB202603CC9900844F5F /* Resources */,
			);
			buildRules = (
			);
			dependencies = (
			);
			name = PersonalFinance;
			productName = PersonalFinance;
			productReference = D4CACB222603CC9900844F5F /* PersonalFinance.app */;
			productType = "com.apple.product-type.application";
		};
		D4CACB322603CC9C00844F5F /* PersonalFinanceTests */ = {
			isa = PBXNativeTarget;
			buildConfigurationList = D4CACB4A2603CC9C00844F5F /* Build configuration list for PBXNativeTarget "PersonalFinanceTests" */;
			buildPhases = (
				D4CACB2F2603CC9C00844F5F /* Sources */,
				D4CACB302603CC9C00844F5F /* Frameworks */,
				D4CACB312603CC9C00844F5F /* Resources */,
			);
			buildRules = (
			);
			dependencies = (
				D4CACB352603CC9C00844F5F /* PBXTargetDependency */,
			);
			name = PersonalFinanceTests;
			packageProductDependencies = (
				D4CE214B260B361100B02C00 /* ViewInspector */,
			);
			productName = PersonalFinanceTests;
			productReference = D4CACB332603CC9C00844F5F /* PersonalFinanceTests.xctest */;
			productType = "com.apple.product-type.bundle.unit-test";
		};
		D4CACB3D2603CC9C00844F5F /* PersonalFinanceUITests */ = {
			isa = PBXNativeTarget;
			buildConfigurationList = D4CACB4D2603CC9C00844F5F /* Build configuration list for PBXNativeTarget "PersonalFinanceUITests" */;
			buildPhases = (
				D4CACB3A2603CC9C00844F5F /* Sources */,
				D4CACB3B2603CC9C00844F5F /* Frameworks */,
				D4CACB3C2603CC9C00844F5F /* Resources */,
			);
			buildRules = (
			);
			dependencies = (
				D4CACB402603CC9C00844F5F /* PBXTargetDependency */,
			);
			name = PersonalFinanceUITests;
			packageProductDependencies = (
				D4833F40260A8E6F007C02E1 /* ViewInspector */,
			);
			productName = PersonalFinanceUITests;
			productReference = D4CACB3E2603CC9C00844F5F /* PersonalFinanceUITests.xctest */;
			productType = "com.apple.product-type.bundle.ui-testing";
		};
/* End PBXNativeTarget section */

/* Begin PBXProject section */
		D4CACB1A2603CC9900844F5F /* Project object */ = {
			isa = PBXProject;
			attributes = {
				LastSwiftUpdateCheck = 1240;
				LastUpgradeCheck = 1240;
				TargetAttributes = {
					D4CACB212603CC9900844F5F = {
						CreatedOnToolsVersion = 12.4;
					};
					D4CACB322603CC9C00844F5F = {
						CreatedOnToolsVersion = 12.4;
						TestTargetID = D4CACB212603CC9900844F5F;
					};
					D4CACB3D2603CC9C00844F5F = {
						CreatedOnToolsVersion = 12.4;
						TestTargetID = D4CACB212603CC9900844F5F;
					};
				};
			};
			buildConfigurationList = D4CACB1D2603CC9900844F5F /* Build configuration list for PBXProject "PersonalFinance" */;
			compatibilityVersion = "Xcode 9.3";
			developmentRegion = en;
			hasScannedForEncodings = 0;
			knownRegions = (
				en,
				Base,
			);
			mainGroup = D4CACB192603CC9900844F5F;
			packageReferences = (
				D4833F3F260A8E6F007C02E1 /* XCRemoteSwiftPackageReference "ViewInspector" */,
			);
			productRefGroup = D4CACB232603CC9900844F5F /* Products */;
			projectDirPath = "";
			projectRoot = "";
			targets = (
				D4CACB212603CC9900844F5F /* PersonalFinance */,
				D4CACB322603CC9C00844F5F /* PersonalFinanceTests */,
				D4CACB3D2603CC9C00844F5F /* PersonalFinanceUITests */,
			);
		};
/* End PBXProject section */

/* Begin PBXResourcesBuildPhase section */
		D4CACB202603CC9900844F5F /* Resources */ = {
			isa = PBXResourcesBuildPhase;
			buildActionMask = 2147483647;
			files = (
				D4CACB2D2603CC9C00844F5F /* Preview Assets.xcassets in Resources */,
				D4CACB542603CCB500844F5F /* .gitignore in Resources */,
				D4CACB2A2603CC9C00844F5F /* Assets.xcassets in Resources */,
				D4CACB6A2603FE2400844F5F /* AppColours.xcassets in Resources */,
			);
			runOnlyForDeploymentPostprocessing = 0;
		};
		D4CACB312603CC9C00844F5F /* Resources */ = {
			isa = PBXResourcesBuildPhase;
			buildActionMask = 2147483647;
			files = (
			);
			runOnlyForDeploymentPostprocessing = 0;
		};
		D4CACB3C2603CC9C00844F5F /* Resources */ = {
			isa = PBXResourcesBuildPhase;
			buildActionMask = 2147483647;
			files = (
			);
			runOnlyForDeploymentPostprocessing = 0;
		};
/* End PBXResourcesBuildPhase section */

/* Begin PBXSourcesBuildPhase section */
		D4CACB1E2603CC9900844F5F /* Sources */ = {
			isa = PBXSourcesBuildPhase;
			buildActionMask = 2147483647;
			files = (
				D4DF28CD26054A0B00840AD2 /* Currency.swift in Sources */,
				D4FF42CF26148FDB00F587EC /* EditSavingsAccountView.swift in Sources */,
				D4DF28DE26054F6500840AD2 /* Double-Round.swift in Sources */,
				D4CD30A6260BFF77003A1DF5 /* Accounts.swift in Sources */,
				D4DF28D826054CD800840AD2 /* SavingsCardView.swift in Sources */,
				D4CACB5D2603FC0400844F5F /* PFPrimaryButton.swift in Sources */,
				D4CACB722603FF2200844F5F /* PFBodyTextView.swift in Sources */,
				D4FF42D42614907E00F587EC /* EditSavingsAccountViewModel.swift in Sources */,
				D4CACB262603CC9900844F5F /* PersonalFinanceApp.swift in Sources */,
				D4DF28C0260548B000840AD2 /* ExistingSavingsView.swift in Sources */,
				D4DF28BB260548A300840AD2 /* ExistingSavingsViewModel.swift in Sources */,
				D4DF28D326054C8500840AD2 /* SavingsCardViewModel.swift in Sources */,
				D4DF28C7260549BF00840AD2 /* Account.swift in Sources */,
				D4CACB772603FF6600844F5F /* Fonts.swift in Sources */,
				D4DF28EB26060DE900840AD2 /* PFActionButton.swift in Sources */,
				D4DF28E62605536700840AD2 /* PFSubTitleTextView.swift in Sources */,
				D4CACB642603FDD100844F5F /* AppColours.swift in Sources */,
			);
			runOnlyForDeploymentPostprocessing = 0;
		};
		D4CACB2F2603CC9C00844F5F /* Sources */ = {
			isa = PBXSourcesBuildPhase;
			buildActionMask = 2147483647;
			files = (
				D4BB662A260BE88E00CD5EEF /* SavingsCardViewModelTests.swift in Sources */,
				D4CACB382603CC9C00844F5F /* PersonalFinanceTests.swift in Sources */,
			);
			runOnlyForDeploymentPostprocessing = 0;
		};
		D4CACB3A2603CC9C00844F5F /* Sources */ = {
			isa = PBXSourcesBuildPhase;
			buildActionMask = 2147483647;
			files = (
				D4833F49260A8F08007C02E1 /* SavingsCardViewTests.swift in Sources */,
				D4CACB432603CC9C00844F5F /* PersonalFinanceUITests.swift in Sources */,
			);
			runOnlyForDeploymentPostprocessing = 0;
		};
/* End PBXSourcesBuildPhase section */

/* Begin PBXTargetDependency section */
		D4CACB352603CC9C00844F5F /* PBXTargetDependency */ = {
			isa = PBXTargetDependency;
			target = D4CACB212603CC9900844F5F /* PersonalFinance */;
			targetProxy = D4CACB342603CC9C00844F5F /* PBXContainerItemProxy */;
		};
		D4CACB402603CC9C00844F5F /* PBXTargetDependency */ = {
			isa = PBXTargetDependency;
			target = D4CACB212603CC9900844F5F /* PersonalFinance */;
			targetProxy = D4CACB3F2603CC9C00844F5F /* PBXContainerItemProxy */;
		};
/* End PBXTargetDependency section */

/* Begin XCBuildConfiguration section */
		D4CACB452603CC9C00844F5F /* Debug */ = {
			isa = XCBuildConfiguration;
			buildSettings = {
				ALWAYS_SEARCH_USER_PATHS = NO;
				CLANG_ANALYZER_NONNULL = YES;
				CLANG_ANALYZER_NUMBER_OBJECT_CONVERSION = YES_AGGRESSIVE;
				CLANG_CXX_LANGUAGE_STANDARD = "gnu++14";
				CLANG_CXX_LIBRARY = "libc++";
				CLANG_ENABLE_MODULES = YES;
				CLANG_ENABLE_OBJC_ARC = YES;
				CLANG_ENABLE_OBJC_WEAK = YES;
				CLANG_WARN_BLOCK_CAPTURE_AUTORELEASING = YES;
				CLANG_WARN_BOOL_CONVERSION = YES;
				CLANG_WARN_COMMA = YES;
				CLANG_WARN_CONSTANT_CONVERSION = YES;
				CLANG_WARN_DEPRECATED_OBJC_IMPLEMENTATIONS = YES;
				CLANG_WARN_DIRECT_OBJC_ISA_USAGE = YES_ERROR;
				CLANG_WARN_DOCUMENTATION_COMMENTS = YES;
				CLANG_WARN_EMPTY_BODY = YES;
				CLANG_WARN_ENUM_CONVERSION = YES;
				CLANG_WARN_INFINITE_RECURSION = YES;
				CLANG_WARN_INT_CONVERSION = YES;
				CLANG_WARN_NON_LITERAL_NULL_CONVERSION = YES;
				CLANG_WARN_OBJC_IMPLICIT_RETAIN_SELF = YES;
				CLANG_WARN_OBJC_LITERAL_CONVERSION = YES;
				CLANG_WARN_OBJC_ROOT_CLASS = YES_ERROR;
				CLANG_WARN_QUOTED_INCLUDE_IN_FRAMEWORK_HEADER = YES;
				CLANG_WARN_RANGE_LOOP_ANALYSIS = YES;
				CLANG_WARN_STRICT_PROTOTYPES = YES;
				CLANG_WARN_SUSPICIOUS_MOVE = YES;
				CLANG_WARN_UNGUARDED_AVAILABILITY = YES_AGGRESSIVE;
				CLANG_WARN_UNREACHABLE_CODE = YES;
				CLANG_WARN__DUPLICATE_METHOD_MATCH = YES;
				COPY_PHASE_STRIP = NO;
				DEBUG_INFORMATION_FORMAT = dwarf;
				ENABLE_STRICT_OBJC_MSGSEND = YES;
				ENABLE_TESTABILITY = YES;
				GCC_C_LANGUAGE_STANDARD = gnu11;
				GCC_DYNAMIC_NO_PIC = NO;
				GCC_NO_COMMON_BLOCKS = YES;
				GCC_OPTIMIZATION_LEVEL = 0;
				GCC_PREPROCESSOR_DEFINITIONS = (
					"DEBUG=1",
					"$(inherited)",
				);
				GCC_WARN_64_TO_32_BIT_CONVERSION = YES;
				GCC_WARN_ABOUT_RETURN_TYPE = YES_ERROR;
				GCC_WARN_UNDECLARED_SELECTOR = YES;
				GCC_WARN_UNINITIALIZED_AUTOS = YES_AGGRESSIVE;
				GCC_WARN_UNUSED_FUNCTION = YES;
				GCC_WARN_UNUSED_VARIABLE = YES;
				IPHONEOS_DEPLOYMENT_TARGET = 14.4;
				MTL_ENABLE_DEBUG_INFO = INCLUDE_SOURCE;
				MTL_FAST_MATH = YES;
				ONLY_ACTIVE_ARCH = YES;
				SDKROOT = iphoneos;
				SWIFT_ACTIVE_COMPILATION_CONDITIONS = DEBUG;
				SWIFT_OPTIMIZATION_LEVEL = "-Onone";
			};
			name = Debug;
		};
		D4CACB462603CC9C00844F5F /* Release */ = {
			isa = XCBuildConfiguration;
			buildSettings = {
				ALWAYS_SEARCH_USER_PATHS = NO;
				CLANG_ANALYZER_NONNULL = YES;
				CLANG_ANALYZER_NUMBER_OBJECT_CONVERSION = YES_AGGRESSIVE;
				CLANG_CXX_LANGUAGE_STANDARD = "gnu++14";
				CLANG_CXX_LIBRARY = "libc++";
				CLANG_ENABLE_MODULES = YES;
				CLANG_ENABLE_OBJC_ARC = YES;
				CLANG_ENABLE_OBJC_WEAK = YES;
				CLANG_WARN_BLOCK_CAPTURE_AUTORELEASING = YES;
				CLANG_WARN_BOOL_CONVERSION = YES;
				CLANG_WARN_COMMA = YES;
				CLANG_WARN_CONSTANT_CONVERSION = YES;
				CLANG_WARN_DEPRECATED_OBJC_IMPLEMENTATIONS = YES;
				CLANG_WARN_DIRECT_OBJC_ISA_USAGE = YES_ERROR;
				CLANG_WARN_DOCUMENTATION_COMMENTS = YES;
				CLANG_WARN_EMPTY_BODY = YES;
				CLANG_WARN_ENUM_CONVERSION = YES;
				CLANG_WARN_INFINITE_RECURSION = YES;
				CLANG_WARN_INT_CONVERSION = YES;
				CLANG_WARN_NON_LITERAL_NULL_CONVERSION = YES;
				CLANG_WARN_OBJC_IMPLICIT_RETAIN_SELF = YES;
				CLANG_WARN_OBJC_LITERAL_CONVERSION = YES;
				CLANG_WARN_OBJC_ROOT_CLASS = YES_ERROR;
				CLANG_WARN_QUOTED_INCLUDE_IN_FRAMEWORK_HEADER = YES;
				CLANG_WARN_RANGE_LOOP_ANALYSIS = YES;
				CLANG_WARN_STRICT_PROTOTYPES = YES;
				CLANG_WARN_SUSPICIOUS_MOVE = YES;
				CLANG_WARN_UNGUARDED_AVAILABILITY = YES_AGGRESSIVE;
				CLANG_WARN_UNREACHABLE_CODE = YES;
				CLANG_WARN__DUPLICATE_METHOD_MATCH = YES;
				COPY_PHASE_STRIP = NO;
				DEBUG_INFORMATION_FORMAT = "dwarf-with-dsym";
				ENABLE_NS_ASSERTIONS = NO;
				ENABLE_STRICT_OBJC_MSGSEND = YES;
				GCC_C_LANGUAGE_STANDARD = gnu11;
				GCC_NO_COMMON_BLOCKS = YES;
				GCC_WARN_64_TO_32_BIT_CONVERSION = YES;
				GCC_WARN_ABOUT_RETURN_TYPE = YES_ERROR;
				GCC_WARN_UNDECLARED_SELECTOR = YES;
				GCC_WARN_UNINITIALIZED_AUTOS = YES_AGGRESSIVE;
				GCC_WARN_UNUSED_FUNCTION = YES;
				GCC_WARN_UNUSED_VARIABLE = YES;
				IPHONEOS_DEPLOYMENT_TARGET = 14.4;
				MTL_ENABLE_DEBUG_INFO = NO;
				MTL_FAST_MATH = YES;
				SDKROOT = iphoneos;
				SWIFT_COMPILATION_MODE = wholemodule;
				SWIFT_OPTIMIZATION_LEVEL = "-O";
				VALIDATE_PRODUCT = YES;
			};
			name = Release;
		};
		D4CACB482603CC9C00844F5F /* Debug */ = {
			isa = XCBuildConfiguration;
			buildSettings = {
				ASSETCATALOG_COMPILER_APPICON_NAME = AppIcon;
				ASSETCATALOG_COMPILER_GLOBAL_ACCENT_COLOR_NAME = AccentColor;
				CODE_SIGN_STYLE = Automatic;
				DEVELOPMENT_ASSET_PATHS = "\"PersonalFinance/Preview Content\"";
				DEVELOPMENT_TEAM = 5D6D89YR6P;
				ENABLE_PREVIEWS = YES;
				INFOPLIST_FILE = PersonalFinance/Info.plist;
				IPHONEOS_DEPLOYMENT_TARGET = 14.0;
				LD_RUNPATH_SEARCH_PATHS = (
					"$(inherited)",
					"@executable_path/Frameworks",
				);
				PRODUCT_BUNDLE_IDENTIFIER = "Alex-Marchant.PersonalFinance";
				PRODUCT_NAME = "$(TARGET_NAME)";
				SWIFT_VERSION = 5.0;
				TARGETED_DEVICE_FAMILY = "1,2";
			};
			name = Debug;
		};
		D4CACB492603CC9C00844F5F /* Release */ = {
			isa = XCBuildConfiguration;
			buildSettings = {
				ASSETCATALOG_COMPILER_APPICON_NAME = AppIcon;
				ASSETCATALOG_COMPILER_GLOBAL_ACCENT_COLOR_NAME = AccentColor;
				CODE_SIGN_STYLE = Automatic;
				DEVELOPMENT_ASSET_PATHS = "\"PersonalFinance/Preview Content\"";
				DEVELOPMENT_TEAM = 5D6D89YR6P;
				ENABLE_PREVIEWS = YES;
				INFOPLIST_FILE = PersonalFinance/Info.plist;
				IPHONEOS_DEPLOYMENT_TARGET = 14.0;
				LD_RUNPATH_SEARCH_PATHS = (
					"$(inherited)",
					"@executable_path/Frameworks",
				);
				PRODUCT_BUNDLE_IDENTIFIER = "Alex-Marchant.PersonalFinance";
				PRODUCT_NAME = "$(TARGET_NAME)";
				SWIFT_VERSION = 5.0;
				TARGETED_DEVICE_FAMILY = "1,2";
			};
			name = Release;
		};
		D4CACB4B2603CC9C00844F5F /* Debug */ = {
			isa = XCBuildConfiguration;
			buildSettings = {
				ALWAYS_EMBED_SWIFT_STANDARD_LIBRARIES = YES;
				BUNDLE_LOADER = "$(TEST_HOST)";
				CODE_SIGN_STYLE = Automatic;
				DEVELOPMENT_TEAM = 5D6D89YR6P;
				INFOPLIST_FILE = PersonalFinanceTests/Info.plist;
				IPHONEOS_DEPLOYMENT_TARGET = 14.0;
				LD_RUNPATH_SEARCH_PATHS = (
					"$(inherited)",
					"@executable_path/Frameworks",
					"@loader_path/Frameworks",
				);
				PRODUCT_BUNDLE_IDENTIFIER = "Alex-Marchant.PersonalFinanceTests";
				PRODUCT_NAME = "$(TARGET_NAME)";
				SWIFT_VERSION = 5.0;
				TARGETED_DEVICE_FAMILY = "1,2";
				TEST_HOST = "$(BUILT_PRODUCTS_DIR)/PersonalFinance.app/PersonalFinance";
			};
			name = Debug;
		};
		D4CACB4C2603CC9C00844F5F /* Release */ = {
			isa = XCBuildConfiguration;
			buildSettings = {
				ALWAYS_EMBED_SWIFT_STANDARD_LIBRARIES = YES;
				BUNDLE_LOADER = "$(TEST_HOST)";
				CODE_SIGN_STYLE = Automatic;
				DEVELOPMENT_TEAM = 5D6D89YR6P;
				INFOPLIST_FILE = PersonalFinanceTests/Info.plist;
				IPHONEOS_DEPLOYMENT_TARGET = 14.0;
				LD_RUNPATH_SEARCH_PATHS = (
					"$(inherited)",
					"@executable_path/Frameworks",
					"@loader_path/Frameworks",
				);
				PRODUCT_BUNDLE_IDENTIFIER = "Alex-Marchant.PersonalFinanceTests";
				PRODUCT_NAME = "$(TARGET_NAME)";
				SWIFT_VERSION = 5.0;
				TARGETED_DEVICE_FAMILY = "1,2";
				TEST_HOST = "$(BUILT_PRODUCTS_DIR)/PersonalFinance.app/PersonalFinance";
			};
			name = Release;
		};
		D4CACB4E2603CC9C00844F5F /* Debug */ = {
			isa = XCBuildConfiguration;
			buildSettings = {
				ALWAYS_EMBED_SWIFT_STANDARD_LIBRARIES = YES;
				CODE_SIGN_STYLE = Automatic;
				DEVELOPMENT_TEAM = 5D6D89YR6P;
				INFOPLIST_FILE = PersonalFinanceUITests/Info.plist;
				LD_RUNPATH_SEARCH_PATHS = (
					"$(inherited)",
					"@executable_path/Frameworks",
					"@loader_path/Frameworks",
				);
				PRODUCT_BUNDLE_IDENTIFIER = "Alex-Marchant.PersonalFinanceUITests";
				PRODUCT_NAME = "$(TARGET_NAME)";
				SWIFT_VERSION = 5.0;
				TARGETED_DEVICE_FAMILY = "1,2";
				TEST_TARGET_NAME = PersonalFinance;
			};
			name = Debug;
		};
		D4CACB4F2603CC9C00844F5F /* Release */ = {
			isa = XCBuildConfiguration;
			buildSettings = {
				ALWAYS_EMBED_SWIFT_STANDARD_LIBRARIES = YES;
				CODE_SIGN_STYLE = Automatic;
				DEVELOPMENT_TEAM = 5D6D89YR6P;
				INFOPLIST_FILE = PersonalFinanceUITests/Info.plist;
				LD_RUNPATH_SEARCH_PATHS = (
					"$(inherited)",
					"@executable_path/Frameworks",
					"@loader_path/Frameworks",
				);
				PRODUCT_BUNDLE_IDENTIFIER = "Alex-Marchant.PersonalFinanceUITests";
				PRODUCT_NAME = "$(TARGET_NAME)";
				SWIFT_VERSION = 5.0;
				TARGETED_DEVICE_FAMILY = "1,2";
				TEST_TARGET_NAME = PersonalFinance;
			};
			name = Release;
		};
/* End XCBuildConfiguration section */

/* Begin XCConfigurationList section */
		D4CACB1D2603CC9900844F5F /* Build configuration list for PBXProject "PersonalFinance" */ = {
			isa = XCConfigurationList;
			buildConfigurations = (
				D4CACB452603CC9C00844F5F /* Debug */,
				D4CACB462603CC9C00844F5F /* Release */,
			);
			defaultConfigurationIsVisible = 0;
			defaultConfigurationName = Release;
		};
		D4CACB472603CC9C00844F5F /* Build configuration list for PBXNativeTarget "PersonalFinance" */ = {
			isa = XCConfigurationList;
			buildConfigurations = (
				D4CACB482603CC9C00844F5F /* Debug */,
				D4CACB492603CC9C00844F5F /* Release */,
			);
			defaultConfigurationIsVisible = 0;
			defaultConfigurationName = Release;
		};
		D4CACB4A2603CC9C00844F5F /* Build configuration list for PBXNativeTarget "PersonalFinanceTests" */ = {
			isa = XCConfigurationList;
			buildConfigurations = (
				D4CACB4B2603CC9C00844F5F /* Debug */,
				D4CACB4C2603CC9C00844F5F /* Release */,
			);
			defaultConfigurationIsVisible = 0;
			defaultConfigurationName = Release;
		};
		D4CACB4D2603CC9C00844F5F /* Build configuration list for PBXNativeTarget "PersonalFinanceUITests" */ = {
			isa = XCConfigurationList;
			buildConfigurations = (
				D4CACB4E2603CC9C00844F5F /* Debug */,
				D4CACB4F2603CC9C00844F5F /* Release */,
			);
			defaultConfigurationIsVisible = 0;
			defaultConfigurationName = Release;
		};
/* End XCConfigurationList section */

/* Begin XCRemoteSwiftPackageReference section */
		D4833F3F260A8E6F007C02E1 /* XCRemoteSwiftPackageReference "ViewInspector" */ = {
			isa = XCRemoteSwiftPackageReference;
			repositoryURL = "https://github.com/nalexn/ViewInspector";
			requirement = {
				kind = upToNextMajorVersion;
				minimumVersion = 0.7.1;
			};
		};
/* End XCRemoteSwiftPackageReference section */

/* Begin XCSwiftPackageProductDependency section */
		D4833F40260A8E6F007C02E1 /* ViewInspector */ = {
			isa = XCSwiftPackageProductDependency;
			package = D4833F3F260A8E6F007C02E1 /* XCRemoteSwiftPackageReference "ViewInspector" */;
			productName = ViewInspector;
		};
		D4CE214B260B361100B02C00 /* ViewInspector */ = {
			isa = XCSwiftPackageProductDependency;
			package = D4833F3F260A8E6F007C02E1 /* XCRemoteSwiftPackageReference "ViewInspector" */;
			productName = ViewInspector;
		};
/* End XCSwiftPackageProductDependency section */
	};
	rootObject = D4CACB1A2603CC9900844F5F /* Project object */;
}
